# This file is automatically @generated by Cargo.
# It is not intended for manual editing.
version = 4

[[package]]
name = "ui24_audio_processing"
version = "0.1.0"

[[package]]
name = "ui24_core"
version = "0.1.0"
dependencies = [
 "ui24_audio_processing",
]

[[package]]
name = "ui24_integration_tests"
version = "0.1.0"
dependencies = [
 "ui24_audio_processing",
 "ui24_core",
]
